
Microsoft Visual Studio Solution File, Format Version 12.00
# Visual Studio Version 17
VisualStudioVersion = 17.14.36623.8 d17.14
MinimumVisualStudioVersion = 10.0.40219.1
Project("{FAE04EC0-301F-11D3-BF4B-00C04F79EFBC}") = "AntennaReader", "AntennaReader\AntennaReader.csproj", "{B706D5E9-BD28-4A84-B8B6-AC0D6956AF0B}"
EndProject
Global
	GlobalSection(SolutionConfigurationPlatforms) = preSolution
		Debug|Any CPU = Debug|Any CPU
		Release|Any CPU = Release|Any CPU
	EndGlobalSection
	GlobalSection(ProjectConfigurationPlatforms) = postSolution
		{B706D5E9-BD28-4A84-B8B6-AC0D6956AF0B}.Debug|Any CPU.ActiveCfg = Debug|Any CPU
		{B706D5E9-BD28-4A84-B8B6-AC0D6956AF0B}.Debug|Any CPU.Build.0 = Debug|Any CPU
		{B706D5E9-BD28-4A84-B8B6-AC0D6956AF0B}.Release|Any CPU.ActiveCfg = Release|Any CPU
		{B706D5E9-BD28-4A84-B8B6-AC0D6956AF0B}.Release|Any CPU.Build.0 = Release|Any CPU
	EndGlobalSection
	GlobalSection(SolutionProperties) = preSolution
		HideSolutionNode = FALSE
	EndGlobalSection
	GlobalSection(ExtensibilityGlobals) = postSolution
		SolutionGuid = {D2CE0CA6-2D6F-469C-ABDD-55F7A35FEBAE}
	EndGlobalSection
EndGlobal
